// !$*UTF8*$!
{
	archiveVersion = 1;
	classes = {
	};
	objectVersion = 56;
	objects = {

/* Begin PBXBuildFile section */
		ADEA40B72B91179800DF7932 /* AppDelegate.swift in Sources */ = {isa = PBXBuildFile; fileRef = ADEA40B62B91179800DF7932 /* AppDelegate.swift */; };
		ADEA40B92B91179800DF7932 /* SceneDelegate.swift in Sources */ = {isa = PBXBuildFile; fileRef = ADEA40B82B91179800DF7932 /* SceneDelegate.swift */; };
		ADEA40BB2B91179800DF7932 /* ViewController.swift in Sources */ = {isa = PBXBuildFile; fileRef = ADEA40BA2B91179800DF7932 /* ViewController.swift */; };
		ADEA40BE2B91179800DF7932 /* Main.storyboard in Resources */ = {isa = PBXBuildFile; fileRef = ADEA40BC2B91179800DF7932 /* Main.storyboard */; };
		ADEA40C02B91179900DF7932 /* Assets.xcassets in Resources */ = {isa = PBXBuildFile; fileRef = ADEA40BF2B91179900DF7932 /* Assets.xcassets */; };
		ADEA40C32B91179900DF7932 /* LaunchScreen.storyboard in Resources */ = {isa = PBXBuildFile; fileRef = ADEA40C12B91179900DF7932 /* LaunchScreen.storyboard */; };
		ADEA40CE2B91179A00DF7932 /* TagFiltersDemoTests.swift in Sources */ = {isa = PBXBuildFile; fileRef = ADEA40CD2B91179A00DF7932 /* TagFiltersDemoTests.swift */; };
		ADEA40D82B91179A00DF7932 /* TagFiltersDemoUITests.swift in Sources */ = {isa = PBXBuildFile; fileRef = ADEA40D72B91179A00DF7932 /* TagFiltersDemoUITests.swift */; };
		ADEA40DA2B91179A00DF7932 /* TagFiltersDemoUITestsLaunchTests.swift in Sources */ = {isa = PBXBuildFile; fileRef = ADEA40D92B91179A00DF7932 /* TagFiltersDemoUITestsLaunchTests.swift */; };
		ADEA40E72B9117B100DF7932 /* TagFilterView.swift in Sources */ = {isa = PBXBuildFile; fileRef = ADEA40E62B9117B100DF7932 /* TagFilterView.swift */; };
		ADEA40E92B911DD500DF7932 /* readme.md in Resources */ = {isa = PBXBuildFile; fileRef = ADEA40E82B911DD500DF7932 /* readme.md */; };
/* End PBXBuildFile section */

/* Begin PBXContainerItemProxy section */
		ADEA40CA2B91179A00DF7932 /* PBXContainerItemProxy */ = {
			isa = PBXContainerItemProxy;
			containerPortal = ADEA40AB2B91179800DF7932 /* Project object */;
			proxyType = 1;
			remoteGlobalIDString = ADEA40B22B91179800DF7932;
			remoteInfo = TagFiltersDemo;
		};
		ADEA40D42B91179A00DF7932 /* PBXContainerItemProxy */ = {
			isa = PBXContainerItemProxy;
			containerPortal = ADEA40AB2B91179800DF7932 /* Project object */;
			proxyType = 1;
			remoteGlobalIDString = ADEA40B22B91179800DF7932;
			remoteInfo = TagFiltersDemo;
		};
/* End PBXContainerItemProxy section */

/* Begin PBXFileReference section */
		ADEA40B32B91179800DF7932 /* TagFiltersDemo.app */ = {isa = PBXFileReference; explicitFileType = wrapper.application; includeInIndex = 0; path = TagFiltersDemo.app; sourceTree = BUILT_PRODUCTS_DIR; };
		ADEA40B62B91179800DF7932 /* AppDelegate.swift */ = {isa = PBXFileReference; lastKnownFileType = sourcecode.swift; path = AppDelegate.swift; sourceTree = "<group>"; };
		ADEA40B82B91179800DF7932 /* SceneDelegate.swift */ = {isa = PBXFileReference; lastKnownFileType = sourcecode.swift; path = SceneDelegate.swift; sourceTree = "<group>"; };
		ADEA40BA2B91179800DF7932 /* ViewController.swift */ = {isa = PBXFileReference; lastKnownFileType = sourcecode.swift; path = ViewController.swift; sourceTree = "<group>"; };
		ADEA40BD2B91179800DF7932 /* Base */ = {isa = PBXFileReference; lastKnownFileType = file.storyboard; name = Base; path = Base.lproj/Main.storyboard; sourceTree = "<group>"; };
		ADEA40BF2B91179900DF7932 /* Assets.xcassets */ = {isa = PBXFileReference; lastKnownFileType = folder.assetcatalog; path = Assets.xcassets; sourceTree = "<group>"; };
		ADEA40C22B91179900DF7932 /* Base */ = {isa = PBXFileReference; lastKnownFileType = file.storyboard; name = Base; path = Base.lproj/LaunchScreen.storyboard; sourceTree = "<group>"; };
		ADEA40C42B91179900DF7932 /* Info.plist */ = {isa = PBXFileReference; lastKnownFileType = text.plist.xml; path = Info.plist; sourceTree = "<group>"; };
		ADEA40C92B91179A00DF7932 /* TagFiltersDemoTests.xctest */ = {isa = PBXFileReference; explicitFileType = wrapper.cfbundle; includeInIndex = 0; path = TagFiltersDemoTests.xctest; sourceTree = BUILT_PRODUCTS_DIR; };
		ADEA40CD2B91179A00DF7932 /* TagFiltersDemoTests.swift */ = {isa = PBXFileReference; lastKnownFileType = sourcecode.swift; path = TagFiltersDemoTests.swift; sourceTree = "<group>"; };
		ADEA40D32B91179A00DF7932 /* TagFiltersDemoUITests.xctest */ = {isa = PBXFileReference; explicitFileType = wrapper.cfbundle; includeInIndex = 0; path = TagFiltersDemoUITests.xctest; sourceTree = BUILT_PRODUCTS_DIR; };
		ADEA40D72B91179A00DF7932 /* TagFiltersDemoUITests.swift */ = {isa = PBXFileReference; lastKnownFileType = sourcecode.swift; path = TagFiltersDemoUITests.swift; sourceTree = "<group>"; };
		ADEA40D92B91179A00DF7932 /* TagFiltersDemoUITestsLaunchTests.swift */ = {isa = PBXFileReference; lastKnownFileType = sourcecode.swift; path = TagFiltersDemoUITestsLaunchTests.swift; sourceTree = "<group>"; };
		ADEA40E62B9117B100DF7932 /* TagFilterView.swift */ = {isa = PBXFileReference; fileEncoding = 4; lastKnownFileType = sourcecode.swift; path = TagFilterView.swift; sourceTree = "<group>"; };
		ADEA40E82B911DD500DF7932 /* readme.md */ = {isa = PBXFileReference; lastKnownFileType = net.daringfireball.markdown; path = readme.md; sourceTree = "<group>"; };
/* End PBXFileReference section */

/* Begin PBXFrameworksBuildPhase section */
		ADEA40B02B91179800DF7932 /* Frameworks */ = {
			isa = PBXFrameworksBuildPhase;
			buildActionMask = 2147483647;
			files = (
			);
			runOnlyForDeploymentPostprocessing = 0;
		};
		ADEA40C62B91179A00DF7932 /* Frameworks */ = {
			isa = PBXFrameworksBuildPhase;
			buildActionMask = 2147483647;
			files = (
			);
			runOnlyForDeploymentPostprocessing = 0;
		};
		ADEA40D02B91179A00DF7932 /* Frameworks */ = {
			isa = PBXFrameworksBuildPhase;
			buildActionMask = 2147483647;
			files = (
			);
			runOnlyForDeploymentPostprocessing = 0;
		};
/* End PBXFrameworksBuildPhase section */

/* Begin PBXGroup section */
		ADEA40AA2B91179800DF7932 = {
			isa = PBXGroup;
			children = (
				ADEA40E82B911DD500DF7932 /* readme.md */,
				ADEA40B52B91179800DF7932 /* TagFiltersDemo */,
				ADEA40CC2B91179A00DF7932 /* TagFiltersDemoTests */,
				ADEA40D62B91179A00DF7932 /* TagFiltersDemoUITests */,
				ADEA40B42B91179800DF7932 /* Products */,
			);
			sourceTree = "<group>";
		};
		ADEA40B42B91179800DF7932 /* Products */ = {
			isa = PBXGroup;
			children = (
				ADEA40B32B91179800DF7932 /* TagFiltersDemo.app */,
				ADEA40C92B91179A00DF7932 /* TagFiltersDemoTests.xctest */,
				ADEA40D32B91179A00DF7932 /* TagFiltersDemoUITests.xctest */,
			);
			name = Products;
			sourceTree = "<group>";
		};
		ADEA40B52B91179800DF7932 /* TagFiltersDemo */ = {
			isa = PBXGroup;
			children = (
				ADEA40B62B91179800DF7932 /* AppDelegate.swift */,
				ADEA40B82B91179800DF7932 /* SceneDelegate.swift */,
				ADEA40E62B9117B100DF7932 /* TagFilterView.swift */,
				ADEA40BA2B91179800DF7932 /* ViewController.swift */,
				ADEA40BC2B91179800DF7932 /* Main.storyboard */,
				ADEA40BF2B91179900DF7932 /* Assets.xcassets */,
				ADEA40C12B91179900DF7932 /* LaunchScreen.storyboard */,
				ADEA40C42B91179900DF7932 /* Info.plist */,
			);
			path = TagFiltersDemo;
			sourceTree = "<group>";
		};
		ADEA40CC2B91179A00DF7932 /* TagFiltersDemoTests */ = {
			isa = PBXGroup;
			children = (
				ADEA40CD2B91179A00DF7932 /* TagFiltersDemoTests.swift */,
			);
			path = TagFiltersDemoTests;
			sourceTree = "<group>";
		};
		ADEA40D62B91179A00DF7932 /* TagFiltersDemoUITests */ = {
			isa = PBXGroup;
			children = (
				ADEA40D72B91179A00DF7932 /* TagFiltersDemoUITests.swift */,
				ADEA40D92B91179A00DF7932 /* TagFiltersDemoUITestsLaunchTests.swift */,
			);
			path = TagFiltersDemoUITests;
			sourceTree = "<group>";
		};
/* End PBXGroup section */

/* Begin PBXNativeTarget section */
		ADEA40B22B91179800DF7932 /* TagFiltersDemo */ = {
			isa = PBXNativeTarget;
			buildConfigurationList = ADEA40DD2B91179A00DF7932 /* Build configuration list for PBXNativeTarget "TagFiltersDemo" */;
			buildPhases = (
				ADEA40AF2B91179800DF7932 /* Sources */,
				ADEA40B02B91179800DF7932 /* Frameworks */,
				ADEA40B12B91179800DF7932 /* Resources */,
			);
			buildRules = (
			);
			dependencies = (
			);
			name = TagFiltersDemo;
			productName = TagFiltersDemo;
			productReference = ADEA40B32B91179800DF7932 /* TagFiltersDemo.app */;
			productType = "com.apple.product-type.application";
		};
		ADEA40C82B91179A00DF7932 /* TagFiltersDemoTests */ = {
			isa = PBXNativeTarget;
			buildConfigurationList = ADEA40E02B91179A00DF7932 /* Build configuration list for PBXNativeTarget "TagFiltersDemoTests" */;
			buildPhases = (
				ADEA40C52B91179A00DF7932 /* Sources */,
				ADEA40C62B91179A00DF7932 /* Frameworks */,
				ADEA40C72B91179A00DF7932 /* Resources */,
			);
			buildRules = (
			);
			dependencies = (
				ADEA40CB2B91179A00DF7932 /* PBXTargetDependency */,
			);
			name = TagFiltersDemoTests;
			productName = TagFiltersDemoTests;
			productReference = ADEA40C92B91179A00DF7932 /* TagFiltersDemoTests.xctest */;
			productType = "com.apple.product-type.bundle.unit-test";
		};
		ADEA40D22B91179A00DF7932 /* TagFiltersDemoUITests */ = {
			isa = PBXNativeTarget;
			buildConfigurationList = ADEA40E32B91179A00DF7932 /* Build configuration list for PBXNativeTarget "TagFiltersDemoUITests" */;
			buildPhases = (
				ADEA40CF2B91179A00DF7932 /* Sources */,
				ADEA40D02B91179A00DF7932 /* Frameworks */,
				ADEA40D12B91179A00DF7932 /* Resources */,
			);
			buildRules = (
			);
			dependencies = (
				ADEA40D52B91179A00DF7932 /* PBXTargetDependency */,
			);
			name = TagFiltersDemoUITests;
			productName = TagFiltersDemoUITests;
			productReference = ADEA40D32B91179A00DF7932 /* TagFiltersDemoUITests.xctest */;
			productType = "com.apple.product-type.bundle.ui-testing";
		};
/* End PBXNativeTarget section */

/* Begin PBXProject section */
		ADEA40AB2B91179800DF7932 /* Project object */ = {
			isa = PBXProject;
			attributes = {
				BuildIndependentTargetsInParallel = 1;
				LastSwiftUpdateCheck = 1520;
				LastUpgradeCheck = 1520;
				TargetAttributes = {
					ADEA40B22B91179800DF7932 = {
						CreatedOnToolsVersion = 15.2;
					};
					ADEA40C82B91179A00DF7932 = {
						CreatedOnToolsVersion = 15.2;
						TestTargetID = ADEA40B22B91179800DF7932;
					};
					ADEA40D22B91179A00DF7932 = {
						CreatedOnToolsVersion = 15.2;
						TestTargetID = ADEA40B22B91179800DF7932;
					};
				};
			};
			buildConfigurationList = ADEA40AE2B91179800DF7932 /* Build configuration list for PBXProject "TagFiltersDemo" */;
			compatibilityVersion = "Xcode 14.0";
			developmentRegion = en;
			hasScannedForEncodings = 0;
			knownRegions = (
				en,
				Base,
			);
			mainGroup = ADEA40AA2B91179800DF7932;
			productRefGroup = ADEA40B42B91179800DF7932 /* Products */;
			projectDirPath = "";
			projectRoot = "";
			targets = (
				ADEA40B22B91179800DF7932 /* TagFiltersDemo */,
				ADEA40C82B91179A00DF7932 /* TagFiltersDemoTests */,
				ADEA40D22B91179A00DF7932 /* TagFiltersDemoUITests */,
			);
		};
/* End PBXProject section */

/* Begin PBXResourcesBuildPhase section */
		ADEA40B12B91179800DF7932 /* Resources */ = {
			isa = PBXResourcesBuildPhase;
			buildActionMask = 2147483647;
			files = (
				ADEA40C32B91179900DF7932 /* LaunchScreen.storyboard in Resources */,
				ADEA40C02B91179900DF7932 /* Assets.xcassets in Resources */,
				ADEA40E92B911DD500DF7932 /* readme.md in Resources */,
				ADEA40BE2B91179800DF7932 /* Main.storyboard in Resources */,
			);
			runOnlyForDeploymentPostprocessing = 0;
		};
		ADEA40C72B91179A00DF7932 /* Resources */ = {
			isa = PBXResourcesBuildPhase;
			buildActionMask = 2147483647;
			files = (
			);
			runOnlyForDeploymentPostprocessing = 0;
		};
		ADEA40D12B91179A00DF7932 /* Resources */ = {
			isa = PBXResourcesBuildPhase;
			buildActionMask = 2147483647;
			files = (
			);
			runOnlyForDeploymentPostprocessing = 0;
		};
/* End PBXResourcesBuildPhase section */

/* Begin PBXSourcesBuildPhase section */
		ADEA40AF2B91179800DF7932 /* Sources */ = {
			isa = PBXSourcesBuildPhase;
			buildActionMask = 2147483647;
			files = (
				ADEA40BB2B91179800DF7932 /* ViewController.swift in Sources */,
				ADEA40B72B91179800DF7932 /* AppDelegate.swift in Sources */,
				ADEA40B92B91179800DF7932 /* SceneDelegate.swift in Sources */,
				ADEA40E72B9117B100DF7932 /* TagFilterView.swift in Sources */,
			);
			runOnlyForDeploymentPostprocessing = 0;
		};
		ADEA40C52B91179A00DF7932 /* Sources */ = {
			isa = PBXSourcesBuildPhase;
			buildActionMask = 2147483647;
			files = (
				ADEA40CE2B91179A00DF7932 /* TagFiltersDemoTests.swift in Sources */,
			);
			runOnlyForDeploymentPostprocessing = 0;
		};
		ADEA40CF2B91179A00DF7932 /* Sources */ = {
			isa = PBXSourcesBuildPhase;
			buildActionMask = 2147483647;
			files = (
				ADEA40DA2B91179A00DF7932 /* TagFiltersDemoUITestsLaunchTests.swift in Sources */,
				ADEA40D82B91179A00DF7932 /* TagFiltersDemoUITests.swift in Sources */,
			);
			runOnlyForDeploymentPostprocessing = 0;
		};
/* End PBXSourcesBuildPhase section */

/* Begin PBXTargetDependency section */
		ADEA40CB2B91179A00DF7932 /* PBXTargetDependency */ = {
			isa = PBXTargetDependency;
			target = ADEA40B22B91179800DF7932 /* TagFiltersDemo */;
			targetProxy = ADEA40CA2B91179A00DF7932 /* PBXContainerItemProxy */;
		};
		ADEA40D52B91179A00DF7932 /* PBXTargetDependency */ = {
			isa = PBXTargetDependency;
			target = ADEA40B22B91179800DF7932 /* TagFiltersDemo */;
			targetProxy = ADEA40D42B91179A00DF7932 /* PBXContainerItemProxy */;
		};
/* End PBXTargetDependency section */

/* Begin PBXVariantGroup section */
		ADEA40BC2B91179800DF7932 /* Main.storyboard */ = {
			isa = PBXVariantGroup;
			children = (
				ADEA40BD2B91179800DF7932 /* Base */,
			);
			name = Main.storyboard;
			sourceTree = "<group>";
		};
		ADEA40C12B91179900DF7932 /* LaunchScreen.storyboard */ = {
			isa = PBXVariantGroup;
			children = (
				ADEA40C22B91179900DF7932 /* Base */,
			);
			name = LaunchScreen.storyboard;
			sourceTree = "<group>";
		};
/* End PBXVariantGroup section */

/* Begin XCBuildConfiguration section */
		ADEA40DB2B91179A00DF7932 /* Debug */ = {
			isa = XCBuildConfiguration;
			buildSettings = {
				ALWAYS_SEARCH_USER_PATHS = NO;
				ASSETCATALOG_COMPILER_GENERATE_SWIFT_ASSET_SYMBOL_EXTENSIONS = YES;
				CLANG_ANALYZER_NONNULL = YES;
				CLANG_ANALYZER_NUMBER_OBJECT_CONVERSION = YES_AGGRESSIVE;
				CLANG_CXX_LANGUAGE_STANDARD = "gnu++20";
				CLANG_ENABLE_MODULES = YES;
				CLANG_ENABLE_OBJC_ARC = YES;
				CLANG_ENABLE_OBJC_WEAK = YES;
				CLANG_WARN_BLOCK_CAPTURE_AUTORELEASING = YES;
				CLANG_WARN_BOOL_CONVERSION = YES;
				CLANG_WARN_COMMA = YES;
				CLANG_WARN_CONSTANT_CONVERSION = YES;
				CLANG_WARN_DEPRECATED_OBJC_IMPLEMENTATIONS = YES;
				CLANG_WARN_DIRECT_OBJC_ISA_USAGE = YES_ERROR;
				CLANG_WARN_DOCUMENTATION_COMMENTS = YES;
				CLANG_WARN_EMPTY_BODY = YES;
				CLANG_WARN_ENUM_CONVERSION = YES;
				CLANG_WARN_INFINITE_RECURSION = YES;
				CLANG_WARN_INT_CONVERSION = YES;
				CLANG_WARN_NON_LITERAL_NULL_CONVERSION = YES;
				CLANG_WARN_OBJC_IMPLICIT_RETAIN_SELF = YES;
				CLANG_WARN_OBJC_LITERAL_CONVERSION = YES;
				CLANG_WARN_OBJC_ROOT_CLASS = YES_ERROR;
				CLANG_WARN_QUOTED_INCLUDE_IN_FRAMEWORK_HEADER = YES;
				CLANG_WARN_RANGE_LOOP_ANALYSIS = YES;
				CLANG_WARN_STRICT_PROTOTYPES = YES;
				CLANG_WARN_SUSPICIOUS_MOVE = YES;
				CLANG_WARN_UNGUARDED_AVAILABILITY = YES_AGGRESSIVE;
				CLANG_WARN_UNREACHABLE_CODE = YES;
				CLANG_WARN__DUPLICATE_METHOD_MATCH = YES;
				COPY_PHASE_STRIP = NO;
				DEBUG_INFORMATION_FORMAT = dwarf;
				ENABLE_STRICT_OBJC_MSGSEND = YES;
				ENABLE_TESTABILITY = YES;
				ENABLE_USER_SCRIPT_SANDBOXING = YES;
				GCC_C_LANGUAGE_STANDARD = gnu17;
				GCC_DYNAMIC_NO_PIC = NO;
				GCC_NO_COMMON_BLOCKS = YES;
				GCC_OPTIMIZATION_LEVEL = 0;
				GCC_PREPROCESSOR_DEFINITIONS = (
					"DEBUG=1",
					"$(inherited)",
				);
				GCC_WARN_64_TO_32_BIT_CONVERSION = YES;
				GCC_WARN_ABOUT_RETURN_TYPE = YES_ERROR;
				GCC_WARN_UNDECLARED_SELECTOR = YES;
				GCC_WARN_UNINITIALIZED_AUTOS = YES_AGGRESSIVE;
				GCC_WARN_UNUSED_FUNCTION = YES;
				GCC_WARN_UNUSED_VARIABLE = YES;
				IPHONEOS_DEPLOYMENT_TARGET = 17.2;
				LOCALIZATION_PREFERS_STRING_CATALOGS = YES;
				MTL_ENABLE_DEBUG_INFO = INCLUDE_SOURCE;
				MTL_FAST_MATH = YES;
				ONLY_ACTIVE_ARCH = YES;
				SDKROOT = iphoneos;
				SWIFT_ACTIVE_COMPILATION_CONDITIONS = "DEBUG $(inherited)";
				SWIFT_OPTIMIZATION_LEVEL = "-Onone";
			};
			name = Debug;
		};
		ADEA40DC2B91179A00DF7932 /* Release */ = {
			isa = XCBuildConfiguration;
			buildSettings = {
				ALWAYS_SEARCH_USER_PATHS = NO;
				ASSETCATALOG_COMPILER_GENERATE_SWIFT_ASSET_SYMBOL_EXTENSIONS = YES;
				CLANG_ANALYZER_NONNULL = YES;
				CLANG_ANALYZER_NUMBER_OBJECT_CONVERSION = YES_AGGRESSIVE;
				CLANG_CXX_LANGUAGE_STANDARD = "gnu++20";
				CLANG_ENABLE_MODULES = YES;
				CLANG_ENABLE_OBJC_ARC = YES;
				CLANG_ENABLE_OBJC_WEAK = YES;
				CLANG_WARN_BLOCK_CAPTURE_AUTORELEASING = YES;
				CLANG_WARN_BOOL_CONVERSION = YES;
				CLANG_WARN_COMMA = YES;
				CLANG_WARN_CONSTANT_CONVERSION = YES;
				CLANG_WARN_DEPRECATED_OBJC_IMPLEMENTATIONS = YES;
				CLANG_WARN_DIRECT_OBJC_ISA_USAGE = YES_ERROR;
				CLANG_WARN_DOCUMENTATION_COMMENTS = YES;
				CLANG_WARN_EMPTY_BODY = YES;
				CLANG_WARN_ENUM_CONVERSION = YES;
				CLANG_WARN_INFINITE_RECURSION = YES;
				CLANG_WARN_INT_CONVERSION = YES;
				CLANG_WARN_NON_LITERAL_NULL_CONVERSION = YES;
				CLANG_WARN_OBJC_IMPLICIT_RETAIN_SELF = YES;
				CLANG_WARN_OBJC_LITERAL_CONVERSION = YES;
				CLANG_WARN_OBJC_ROOT_CLASS = YES_ERROR;
				CLANG_WARN_QUOTED_INCLUDE_IN_FRAMEWORK_HEADER = YES;
				CLANG_WARN_RANGE_LOOP_ANALYSIS = YES;
				CLANG_WARN_STRICT_PROTOTYPES = YES;
				CLANG_WARN_SUSPICIOUS_MOVE = YES;
				CLANG_WARN_UNGUARDED_AVAILABILITY = YES_AGGRESSIVE;
				CLANG_WARN_UNREACHABLE_CODE = YES;
				CLANG_WARN__DUPLICATE_METHOD_MATCH = YES;
				COPY_PHASE_STRIP = NO;
				DEBUG_INFORMATION_FORMAT = "dwarf-with-dsym";
				ENABLE_NS_ASSERTIONS = NO;
				ENABLE_STRICT_OBJC_MSGSEND = YES;
				ENABLE_USER_SCRIPT_SANDBOXING = YES;
				GCC_C_LANGUAGE_STANDARD = gnu17;
				GCC_NO_COMMON_BLOCKS = YES;
				GCC_WARN_64_TO_32_BIT_CONVERSION = YES;
				GCC_WARN_ABOUT_RETURN_TYPE = YES_ERROR;
				GCC_WARN_UNDECLARED_SELECTOR = YES;
				GCC_WARN_UNINITIALIZED_AUTOS = YES_AGGRESSIVE;
				GCC_WARN_UNUSED_FUNCTION = YES;
				GCC_WARN_UNUSED_VARIABLE = YES;
				IPHONEOS_DEPLOYMENT_TARGET = 17.2;
				LOCALIZATION_PREFERS_STRING_CATALOGS = YES;
				MTL_ENABLE_DEBUG_INFO = NO;
				MTL_FAST_MATH = YES;
				SDKROOT = iphoneos;
				SWIFT_COMPILATION_MODE = wholemodule;
				VALIDATE_PRODUCT = YES;
			};
			name = Release;
		};
		ADEA40DE2B91179A00DF7932 /* Debug */ = {
			isa = XCBuildConfiguration;
			buildSettings = {
				ASSETCATALOG_COMPILER_APPICON_NAME = AppIcon;
				ASSETCATALOG_COMPILER_GLOBAL_ACCENT_COLOR_NAME = AccentColor;
				CODE_SIGN_STYLE = Automatic;
				CURRENT_PROJECT_VERSION = 1;
				DEVELOPMENT_TEAM = 2B4R48DF8D;
				GENERATE_INFOPLIST_FILE = YES;
				INFOPLIST_FILE = TagFiltersDemo/Info.plist;
				INFOPLIST_KEY_UIApplicationSupportsIndirectInputEvents = YES;
				INFOPLIST_KEY_UILaunchStoryboardName = LaunchScreen;
				INFOPLIST_KEY_UIMainStoryboardFile = Main;
				INFOPLIST_KEY_UISupportedInterfaceOrientations_iPad = "UIInterfaceOrientationPortrait UIInterfaceOrientationPortraitUpsideDown UIInterfaceOrientationLandscapeLeft UIInterfaceOrientationLandscapeRight";
				INFOPLIST_KEY_UISupportedInterfaceOrientations_iPhone = "UIInterfaceOrientationPortrait UIInterfaceOrientationLandscapeLeft UIInterfaceOrientationLandscapeRight";
				LD_RUNPATH_SEARCH_PATHS = (
					"$(inherited)",
					"@executable_path/Frameworks",
				);
				MARKETING_VERSION = 1.0;
				PRODUCT_BUNDLE_IDENTIFIER = it.ferlini.TagFiltersDemo;
				PRODUCT_NAME = "$(TARGET_NAME)";
				SWIFT_EMIT_LOC_STRINGS = YES;
				SWIFT_VERSION = 5.0;
				TARGETED_DEVICE_FAMILY = "1,2";
			};
			name = Debug;
		};
		ADEA40DF2B91179A00DF7932 /* Release */ = {
			isa = XCBuildConfiguration;
			buildSettings = {
				ASSETCATALOG_COMPILER_APPICON_NAME = AppIcon;
				ASSETCATALOG_COMPILER_GLOBAL_ACCENT_COLOR_NAME = AccentColor;
				CODE_SIGN_STYLE = Automatic;
				CURRENT_PROJECT_VERSION = 1;
				DEVELOPMENT_TEAM = 2B4R48DF8D;
				GENERATE_INFOPLIST_FILE = YES;
				INFOPLIST_FILE = TagFiltersDemo/Info.plist;
				INFOPLIST_KEY_UIApplicationSupportsIndirectInputEvents = YES;
				INFOPLIST_KEY_UILaunchStoryboardName = LaunchScreen;
				INFOPLIST_KEY_UIMainStoryboardFile = Main;
				INFOPLIST_KEY_UISupportedInterfaceOrientations_iPad = "UIInterfaceOrientationPortrait UIInterfaceOrientationPortraitUpsideDown UIInterfaceOrientationLandscapeLeft UIInterfaceOrientationLandscapeRight";
				INFOPLIST_KEY_UISupportedInterfaceOrientations_iPhone = "UIInterfaceOrientationPortrait UIInterfaceOrientationLandscapeLeft UIInterfaceOrientationLandscapeRight";
				LD_RUNPATH_SEARCH_PATHS = (
					"$(inherited)",
					"@executable_path/Frameworks",
				);
				MARKETING_VERSION = 1.0;
				PRODUCT_BUNDLE_IDENTIFIER = it.ferlini.TagFiltersDemo;
				PRODUCT_NAME = "$(TARGET_NAME)";
				SWIFT_EMIT_LOC_STRINGS = YES;
				SWIFT_VERSION = 5.0;
				TARGETED_DEVICE_FAMILY = "1,2";
			};
			name = Release;
		};
		ADEA40E12B91179A00DF7932 /* Debug */ = {
			isa = XCBuildConfiguration;
			buildSettings = {
				ALWAYS_EMBED_SWIFT_STANDARD_LIBRARIES = YES;
				BUNDLE_LOADER = "$(TEST_HOST)";
				CODE_SIGN_STYLE = Automatic;
				CURRENT_PROJECT_VERSION = 1;
				DEVELOPMENT_TEAM = 2B4R48DF8D;
				GENERATE_INFOPLIST_FILE = YES;
				IPHONEOS_DEPLOYMENT_TARGET = 17.2;
				MARKETING_VERSION = 1.0;
				PRODUCT_BUNDLE_IDENTIFIER = it.ferlini.TagFiltersDemoTests;
				PRODUCT_NAME = "$(TARGET_NAME)";
				SWIFT_EMIT_LOC_STRINGS = NO;
				SWIFT_VERSION = 5.0;
				TARGETED_DEVICE_FAMILY = "1,2";
				TEST_HOST = "$(BUILT_PRODUCTS_DIR)/TagFiltersDemo.app/$(BUNDLE_EXECUTABLE_FOLDER_PATH)/TagFiltersDemo";
			};
			name = Debug;
		};
		ADEA40E22B91179A00DF7932 /* Release */ = {
			isa = XCBuildConfiguration;
			buildSettings = {
				ALWAYS_EMBED_SWIFT_STANDARD_LIBRARIES = YES;
				BUNDLE_LOADER = "$(TEST_HOST)";
				CODE_SIGN_STYLE = Automatic;
				CURRENT_PROJECT_VERSION = 1;
				DEVELOPMENT_TEAM = 2B4R48DF8D;
				GENERATE_INFOPLIST_FILE = YES;
				IPHONEOS_DEPLOYMENT_TARGET = 17.2;
				MARKETING_VERSION = 1.0;
				PRODUCT_BUNDLE_IDENTIFIER = it.ferlini.TagFiltersDemoTests;
				PRODUCT_NAME = "$(TARGET_NAME)";
				SWIFT_EMIT_LOC_STRINGS = NO;
				SWIFT_VERSION = 5.0;
				TARGETED_DEVICE_FAMILY = "1,2";
				TEST_HOST = "$(BUILT_PRODUCTS_DIR)/TagFiltersDemo.app/$(BUNDLE_EXECUTABLE_FOLDER_PATH)/TagFiltersDemo";
			};
			name = Release;
		};
		ADEA40E42B91179A00DF7932 /* Debug */ = {
			isa = XCBuildConfiguration;
			buildSettings = {
				ALWAYS_EMBED_SWIFT_STANDARD_LIBRARIES = YES;
				CODE_SIGN_STYLE = Automatic;
				CURRENT_PROJECT_VERSION = 1;
				DEVELOPMENT_TEAM = 2B4R48DF8D;
				GENERATE_INFOPLIST_FILE = YES;
				MARKETING_VERSION = 1.0;
				PRODUCT_BUNDLE_IDENTIFIER = it.ferlini.TagFiltersDemoUITests;
				PRODUCT_NAME = "$(TARGET_NAME)";
				SWIFT_EMIT_LOC_STRINGS = NO;
				SWIFT_VERSION = 5.0;
				TARGETED_DEVICE_FAMILY = "1,2";
				TEST_TARGET_NAME = TagFiltersDemo;
			};
			name = Debug;
		};
		ADEA40E52B91179A00DF7932 /* Release */ = {
			isa = XCBuildConfiguration;
			buildSettings = {
				ALWAYS_EMBED_SWIFT_STANDARD_LIBRARIES = YES;
				CODE_SIGN_STYLE = Automatic;
				CURRENT_PROJECT_VERSION = 1;
				DEVELOPMENT_TEAM = 2B4R48DF8D;
				GENERATE_INFOPLIST_FILE = YES;
				MARKETING_VERSION = 1.0;
				PRODUCT_BUNDLE_IDENTIFIER = it.ferlini.TagFiltersDemoUITests;
				PRODUCT_NAME = "$(TARGET_NAME)";
				SWIFT_EMIT_LOC_STRINGS = NO;
				SWIFT_VERSION = 5.0;
				TARGETED_DEVICE_FAMILY = "1,2";
				TEST_TARGET_NAME = TagFiltersDemo;
			};
			name = Release;
		};
/* End XCBuildConfiguration section */

/* Begin XCConfigurationList section */
		ADEA40AE2B91179800DF7932 /* Build configuration list for PBXProject "TagFiltersDemo" */ = {
			isa = XCConfigurationList;
			buildConfigurations = (
				ADEA40DB2B91179A00DF7932 /* Debug */,
				ADEA40DC2B91179A00DF7932 /* Release */,
			);
			defaultConfigurationIsVisible = 0;
			defaultConfigurationName = Release;
		};
		ADEA40DD2B91179A00DF7932 /* Build configuration list for PBXNativeTarget "TagFiltersDemo" */ = {
			isa = XCConfigurationList;
			buildConfigurations = (
				ADEA40DE2B91179A00DF7932 /* Debug */,
				ADEA40DF2B91179A00DF7932 /* Release */,
			);
			defaultConfigurationIsVisible = 0;
			defaultConfigurationName = Release;
		};
		ADEA40E02B91179A00DF7932 /* Build configuration list for PBXNativeTarget "TagFiltersDemoTests" */ = {
			isa = XCConfigurationList;
			buildConfigurations = (
				ADEA40E12B91179A00DF7932 /* Debug */,
				ADEA40E22B91179A00DF7932 /* Release */,
			);
			defaultConfigurationIsVisible = 0;
			defaultConfigurationName = Release;
		};
		ADEA40E32B91179A00DF7932 /* Build configuration list for PBXNativeTarget "TagFiltersDemoUITests" */ = {
			isa = XCConfigurationList;
			buildConfigurations = (
				ADEA40E42B91179A00DF7932 /* Debug */,
				ADEA40E52B91179A00DF7932 /* Release */,
			);
			defaultConfigurationIsVisible = 0;
			defaultConfigurationName = Release;
		};
/* End XCConfigurationList section */
	};
	rootObject = ADEA40AB2B91179800DF7932 /* Project object */;
}
